
Microsoft Visual Studio Solution File, Format Version 12.00
# Visual Studio 14
VisualStudioVersion = 14.0.25420.1
MinimumVisualStudioVersion = 10.0.40219.1
Project("{FAE04EC0-301F-11D3-BF4B-00C04F79EFBC}") = "csverify", "csverify\csverify.csproj", "{E9C9E6A0-9C5D-4A16-B25D-83140C40033A}"
EndProject
Project("{FAE04EC0-301F-11D3-BF4B-00C04F79EFBC}") = "Sharpsilver.Contracts", "Sharpsilver.Contracts\Sharpsilver.Contracts.csproj", "{B2FF4360-C774-41CE-98FC-60494F6EFC60}"
EndProject
Project("{FAE04EC0-301F-11D3-BF4B-00C04F79EFBC}") = "Sharpsilver.Plugin.Vsix", "Visual Studio Plugin\Sharpsilver.Plugin.Vsix\Sharpsilver.Plugin.Vsix.csproj", "{D8A79F6F-A0F5-4F57-AB27-01A8BAF36DEC}"
	ProjectSection(ProjectDependencies) = postProject
		{B2FF4360-C774-41CE-98FC-60494F6EFC60} = {B2FF4360-C774-41CE-98FC-60494F6EFC60}
	EndProjectSection
EndProject
Project("{2150E333-8FDC-42A3-9474-1A3956D46DE8}") = "Visual Studio Plugin", "Visual Studio Plugin", "{39E42E76-D407-46FE-8EF7-FDB25ABC9E7C}"
EndProject
Project("{FAE04EC0-301F-11D3-BF4B-00C04F79EFBC}") = "Sharpsilver.Plugin", "Visual Studio Plugin\Sharpsilver.Plugin\Sharpsilver.Plugin.csproj", "{2FB8FCA9-89E2-4B72-AD19-6C1BADDEBC62}"
	ProjectSection(ProjectDependencies) = postProject
		{B2FF4360-C774-41CE-98FC-60494F6EFC60} = {B2FF4360-C774-41CE-98FC-60494F6EFC60}
	EndProjectSection
EndProject
Project("{FAE04EC0-301F-11D3-BF4B-00C04F79EFBC}") = "Sharpsilver.Translation", "Sharpsilver.Translation\Sharpsilver.Translation.csproj", "{89DF81ED-EEE0-499D-AE23-D687FC5CADD3}"
	ProjectSection(ProjectDependencies) = postProject
		{B2FF4360-C774-41CE-98FC-60494F6EFC60} = {B2FF4360-C774-41CE-98FC-60494F6EFC60}
	EndProjectSection
EndProject
Project("{FAE04EC0-301F-11D3-BF4B-00C04F79EFBC}") = "Sharpsilver.Translation.Tests", "Sharpsilver.Translation.Tests\Sharpsilver.Translation.Tests.csproj", "{4819DEFB-A781-4DD5-A3DF-9BDFE6095AC9}"
EndProject
Project("{2150E333-8FDC-42A3-9474-1A3956D46DE8}") = "Solution Items", "Solution Items", "{2578FD01-0944-4C21-A863-9D01272ED5F8}"
	ProjectSection(SolutionItems) = preProject
		LICENSE.txt = LICENSE.txt
		README.md = README.md
	EndProjectSection
EndProject
Global
	GlobalSection(SolutionConfigurationPlatforms) = preSolution
		Debug|Any CPU = Debug|Any CPU
		Debug|x86 = Debug|x86
		Release|Any CPU = Release|Any CPU
		Release|x86 = Release|x86
	EndGlobalSection
	GlobalSection(ProjectConfigurationPlatforms) = postSolution
		{E9C9E6A0-9C5D-4A16-B25D-83140C40033A}.Debug|Any CPU.ActiveCfg = Debug|Any CPU
		{E9C9E6A0-9C5D-4A16-B25D-83140C40033A}.Debug|Any CPU.Build.0 = Debug|Any CPU
		{E9C9E6A0-9C5D-4A16-B25D-83140C40033A}.Debug|x86.ActiveCfg = Debug|Any CPU
		{E9C9E6A0-9C5D-4A16-B25D-83140C40033A}.Debug|x86.Build.0 = Debug|Any CPU
		{E9C9E6A0-9C5D-4A16-B25D-83140C40033A}.Release|Any CPU.ActiveCfg = Release|Any CPU
		{E9C9E6A0-9C5D-4A16-B25D-83140C40033A}.Release|Any CPU.Build.0 = Release|Any CPU
		{E9C9E6A0-9C5D-4A16-B25D-83140C40033A}.Release|x86.ActiveCfg = Release|Any CPU
		{E9C9E6A0-9C5D-4A16-B25D-83140C40033A}.Release|x86.Build.0 = Release|Any CPU
		{B2FF4360-C774-41CE-98FC-60494F6EFC60}.Debug|Any CPU.ActiveCfg = Debug|Any CPU
		{B2FF4360-C774-41CE-98FC-60494F6EFC60}.Debug|Any CPU.Build.0 = Debug|Any CPU
		{B2FF4360-C774-41CE-98FC-60494F6EFC60}.Debug|x86.ActiveCfg = Debug|Any CPU
		{B2FF4360-C774-41CE-98FC-60494F6EFC60}.Debug|x86.Build.0 = Debug|Any CPU
		{B2FF4360-C774-41CE-98FC-60494F6EFC60}.Release|Any CPU.ActiveCfg = Release|Any CPU
		{B2FF4360-C774-41CE-98FC-60494F6EFC60}.Release|Any CPU.Build.0 = Release|Any CPU
		{B2FF4360-C774-41CE-98FC-60494F6EFC60}.Release|x86.ActiveCfg = Release|Any CPU
		{B2FF4360-C774-41CE-98FC-60494F6EFC60}.Release|x86.Build.0 = Release|Any CPU
		{D8A79F6F-A0F5-4F57-AB27-01A8BAF36DEC}.Debug|Any CPU.ActiveCfg = Debug|Any CPU
		{D8A79F6F-A0F5-4F57-AB27-01A8BAF36DEC}.Debug|Any CPU.Build.0 = Debug|Any CPU
		{D8A79F6F-A0F5-4F57-AB27-01A8BAF36DEC}.Debug|x86.ActiveCfg = Debug|Any CPU
		{D8A79F6F-A0F5-4F57-AB27-01A8BAF36DEC}.Debug|x86.Build.0 = Debug|Any CPU
		{D8A79F6F-A0F5-4F57-AB27-01A8BAF36DEC}.Release|Any CPU.ActiveCfg = Release|Any CPU
		{D8A79F6F-A0F5-4F57-AB27-01A8BAF36DEC}.Release|Any CPU.Build.0 = Release|Any CPU
		{D8A79F6F-A0F5-4F57-AB27-01A8BAF36DEC}.Release|x86.ActiveCfg = Release|Any CPU
		{D8A79F6F-A0F5-4F57-AB27-01A8BAF36DEC}.Release|x86.Build.0 = Release|Any CPU
		{2FB8FCA9-89E2-4B72-AD19-6C1BADDEBC62}.Debug|Any CPU.ActiveCfg = Debug|Any CPU
		{2FB8FCA9-89E2-4B72-AD19-6C1BADDEBC62}.Debug|Any CPU.Build.0 = Debug|Any CPU
		{2FB8FCA9-89E2-4B72-AD19-6C1BADDEBC62}.Debug|x86.ActiveCfg = Debug|Any CPU
		{2FB8FCA9-89E2-4B72-AD19-6C1BADDEBC62}.Debug|x86.Build.0 = Debug|Any CPU
		{2FB8FCA9-89E2-4B72-AD19-6C1BADDEBC62}.Release|Any CPU.ActiveCfg = Release|Any CPU
		{2FB8FCA9-89E2-4B72-AD19-6C1BADDEBC62}.Release|Any CPU.Build.0 = Release|Any CPU
		{2FB8FCA9-89E2-4B72-AD19-6C1BADDEBC62}.Release|x86.ActiveCfg = Release|Any CPU
		{2FB8FCA9-89E2-4B72-AD19-6C1BADDEBC62}.Release|x86.Build.0 = Release|Any CPU
		{89DF81ED-EEE0-499D-AE23-D687FC5CADD3}.Debug|Any CPU.ActiveCfg = Debug|Any CPU
		{89DF81ED-EEE0-499D-AE23-D687FC5CADD3}.Debug|Any CPU.Build.0 = Debug|Any CPU
		{89DF81ED-EEE0-499D-AE23-D687FC5CADD3}.Debug|x86.ActiveCfg = Debug|Any CPU
		{89DF81ED-EEE0-499D-AE23-D687FC5CADD3}.Debug|x86.Build.0 = Debug|Any CPU
		{89DF81ED-EEE0-499D-AE23-D687FC5CADD3}.Release|Any CPU.ActiveCfg = Release|Any CPU
		{89DF81ED-EEE0-499D-AE23-D687FC5CADD3}.Release|Any CPU.Build.0 = Release|Any CPU
		{89DF81ED-EEE0-499D-AE23-D687FC5CADD3}.Release|x86.ActiveCfg = Release|Any CPU
		{89DF81ED-EEE0-499D-AE23-D687FC5CADD3}.Release|x86.Build.0 = Release|Any CPU
		{4819DEFB-A781-4DD5-A3DF-9BDFE6095AC9}.Debug|Any CPU.ActiveCfg = Debug|Any CPU
		{4819DEFB-A781-4DD5-A3DF-9BDFE6095AC9}.Debug|Any CPU.Build.0 = Debug|Any CPU
		{4819DEFB-A781-4DD5-A3DF-9BDFE6095AC9}.Debug|x86.ActiveCfg = Debug|Any CPU
		{4819DEFB-A781-4DD5-A3DF-9BDFE6095AC9}.Debug|x86.Build.0 = Debug|Any CPU
		{4819DEFB-A781-4DD5-A3DF-9BDFE6095AC9}.Release|Any CPU.ActiveCfg = Release|Any CPU
		{4819DEFB-A781-4DD5-A3DF-9BDFE6095AC9}.Release|Any CPU.Build.0 = Release|Any CPU
		{4819DEFB-A781-4DD5-A3DF-9BDFE6095AC9}.Release|x86.ActiveCfg = Release|Any CPU
		{4819DEFB-A781-4DD5-A3DF-9BDFE6095AC9}.Release|x86.Build.0 = Release|Any CPU
	EndGlobalSection
	GlobalSection(SolutionProperties) = preSolution
		HideSolutionNode = FALSE
	EndGlobalSection
	GlobalSection(NestedProjects) = preSolution
		{D8A79F6F-A0F5-4F57-AB27-01A8BAF36DEC} = {39E42E76-D407-46FE-8EF7-FDB25ABC9E7C}
		{2FB8FCA9-89E2-4B72-AD19-6C1BADDEBC62} = {39E42E76-D407-46FE-8EF7-FDB25ABC9E7C}
	EndGlobalSection
EndGlobal
