
Microsoft Visual Studio Solution File, Format Version 12.00
# Visual Studio 14
VisualStudioVersion = 14.0.25123.0
MinimumVisualStudioVersion = 10.0.40219.1
Project("{FAE04EC0-301F-11D3-BF4B-00C04F79EFBC}") = "csverify", "csverify\csverify.csproj", "{E9C9E6A0-9C5D-4A16-B25D-83140C40033A}"
EndProject
Project("{FAE04EC0-301F-11D3-BF4B-00C04F79EFBC}") = "Translation", "Translation\Translation.csproj", "{458F22B6-599D-4AB5-89ED-4F9FBCF2BC9D}"
EndProject
Project("{FAE04EC0-301F-11D3-BF4B-00C04F79EFBC}") = "ExampleStandaloneAnalyzer", "ExampleStandaloneAnalyzer\ExampleStandaloneAnalyzer.csproj", "{5AB7E6EC-2B0D-4EB2-AC13-DF4733091C8D}"
EndProject
Project("{FAE04EC0-301F-11D3-BF4B-00C04F79EFBC}") = "Sharpsilver.Contracts", "Sharpsilver.Contracts\Sharpsilver.Contracts.csproj", "{B2FF4360-C774-41CE-98FC-60494F6EFC60}"
EndProject
Project("{2150E333-8FDC-42A3-9474-1A3956D46DE8}") = "Examples", "Examples", "{EC3FF5BE-7E39-48C2-80DD-744E507A0403}"
EndProject
Project("{FAE04EC0-301F-11D3-BF4B-00C04F79EFBC}") = "SimpleExample", "SimpleExample\SimpleExample.csproj", "{147C9EB3-8E37-49F0-B9C1-C6B2E7D4660F}"
EndProject
Global
	GlobalSection(SolutionConfigurationPlatforms) = preSolution
		Debug|Any CPU = Debug|Any CPU
		Debug|x86 = Debug|x86
		Release|Any CPU = Release|Any CPU
		Release|x86 = Release|x86
	EndGlobalSection
	GlobalSection(ProjectConfigurationPlatforms) = postSolution
		{E9C9E6A0-9C5D-4A16-B25D-83140C40033A}.Debug|Any CPU.ActiveCfg = Debug|Any CPU
		{E9C9E6A0-9C5D-4A16-B25D-83140C40033A}.Debug|Any CPU.Build.0 = Debug|Any CPU
		{E9C9E6A0-9C5D-4A16-B25D-83140C40033A}.Debug|x86.ActiveCfg = Debug|Any CPU
		{E9C9E6A0-9C5D-4A16-B25D-83140C40033A}.Debug|x86.Build.0 = Debug|Any CPU
		{E9C9E6A0-9C5D-4A16-B25D-83140C40033A}.Release|Any CPU.ActiveCfg = Release|Any CPU
		{E9C9E6A0-9C5D-4A16-B25D-83140C40033A}.Release|Any CPU.Build.0 = Release|Any CPU
		{E9C9E6A0-9C5D-4A16-B25D-83140C40033A}.Release|x86.ActiveCfg = Release|Any CPU
		{E9C9E6A0-9C5D-4A16-B25D-83140C40033A}.Release|x86.Build.0 = Release|Any CPU
		{458F22B6-599D-4AB5-89ED-4F9FBCF2BC9D}.Debug|Any CPU.ActiveCfg = Debug|Any CPU
		{458F22B6-599D-4AB5-89ED-4F9FBCF2BC9D}.Debug|Any CPU.Build.0 = Debug|Any CPU
		{458F22B6-599D-4AB5-89ED-4F9FBCF2BC9D}.Debug|x86.ActiveCfg = Debug|Any CPU
		{458F22B6-599D-4AB5-89ED-4F9FBCF2BC9D}.Debug|x86.Build.0 = Debug|Any CPU
		{458F22B6-599D-4AB5-89ED-4F9FBCF2BC9D}.Release|Any CPU.ActiveCfg = Release|Any CPU
		{458F22B6-599D-4AB5-89ED-4F9FBCF2BC9D}.Release|Any CPU.Build.0 = Release|Any CPU
		{458F22B6-599D-4AB5-89ED-4F9FBCF2BC9D}.Release|x86.ActiveCfg = Release|Any CPU
		{458F22B6-599D-4AB5-89ED-4F9FBCF2BC9D}.Release|x86.Build.0 = Release|Any CPU
		{5AB7E6EC-2B0D-4EB2-AC13-DF4733091C8D}.Debug|Any CPU.ActiveCfg = Debug|x86
		{5AB7E6EC-2B0D-4EB2-AC13-DF4733091C8D}.Debug|x86.ActiveCfg = Debug|x86
		{5AB7E6EC-2B0D-4EB2-AC13-DF4733091C8D}.Debug|x86.Build.0 = Debug|x86
		{5AB7E6EC-2B0D-4EB2-AC13-DF4733091C8D}.Release|Any CPU.ActiveCfg = Release|x86
		{5AB7E6EC-2B0D-4EB2-AC13-DF4733091C8D}.Release|x86.ActiveCfg = Release|x86
		{5AB7E6EC-2B0D-4EB2-AC13-DF4733091C8D}.Release|x86.Build.0 = Release|x86
		{B2FF4360-C774-41CE-98FC-60494F6EFC60}.Debug|Any CPU.ActiveCfg = Debug|Any CPU
		{B2FF4360-C774-41CE-98FC-60494F6EFC60}.Debug|Any CPU.Build.0 = Debug|Any CPU
		{B2FF4360-C774-41CE-98FC-60494F6EFC60}.Debug|x86.ActiveCfg = Debug|Any CPU
		{B2FF4360-C774-41CE-98FC-60494F6EFC60}.Debug|x86.Build.0 = Debug|Any CPU
		{B2FF4360-C774-41CE-98FC-60494F6EFC60}.Release|Any CPU.ActiveCfg = Release|Any CPU
		{B2FF4360-C774-41CE-98FC-60494F6EFC60}.Release|Any CPU.Build.0 = Release|Any CPU
		{B2FF4360-C774-41CE-98FC-60494F6EFC60}.Release|x86.ActiveCfg = Release|Any CPU
		{B2FF4360-C774-41CE-98FC-60494F6EFC60}.Release|x86.Build.0 = Release|Any CPU
		{147C9EB3-8E37-49F0-B9C1-C6B2E7D4660F}.Debug|Any CPU.ActiveCfg = Debug|Any CPU
		{147C9EB3-8E37-49F0-B9C1-C6B2E7D4660F}.Debug|Any CPU.Build.0 = Debug|Any CPU
		{147C9EB3-8E37-49F0-B9C1-C6B2E7D4660F}.Debug|x86.ActiveCfg = Debug|Any CPU
		{147C9EB3-8E37-49F0-B9C1-C6B2E7D4660F}.Debug|x86.Build.0 = Debug|Any CPU
		{147C9EB3-8E37-49F0-B9C1-C6B2E7D4660F}.Release|Any CPU.ActiveCfg = Release|Any CPU
		{147C9EB3-8E37-49F0-B9C1-C6B2E7D4660F}.Release|Any CPU.Build.0 = Release|Any CPU
		{147C9EB3-8E37-49F0-B9C1-C6B2E7D4660F}.Release|x86.ActiveCfg = Release|Any CPU
		{147C9EB3-8E37-49F0-B9C1-C6B2E7D4660F}.Release|x86.Build.0 = Release|Any CPU
	EndGlobalSection
	GlobalSection(SolutionProperties) = preSolution
		HideSolutionNode = FALSE
	EndGlobalSection
	GlobalSection(NestedProjects) = preSolution
		{147C9EB3-8E37-49F0-B9C1-C6B2E7D4660F} = {EC3FF5BE-7E39-48C2-80DD-744E507A0403}
	EndGlobalSection
EndGlobal
